
Microsoft Visual Studio Solution File, Format Version 12.00
# Visual Studio Version 17
VisualStudioVersion = 17.7.34018.315
MinimumVisualStudioVersion = 10.0.40219.1
Project("{9A19103F-16F7-4668-BE54-9A1E7A4F7556}") = "SmartHome", "SmartHome\SmartHome.csproj", "{0DC8B6A8-42AD-472A-BC53-C2FC379AB143}"
EndProject
Project("{9A19103F-16F7-4668-BE54-9A1E7A4F7556}") = "ConsoleDevice_Azure", "ConsoleDevice_Azure\ConsoleDevice_Azure.csproj", "{FFDD1D25-23FD-4962-8F5C-AEAA0412C5EE}"
EndProject
Project("{9A19103F-16F7-4668-BE54-9A1E7A4F7556}") = "Simulerad_Iot", "Simulerad_Iot\Simulerad_Iot.csproj", "{23729FAD-85B8-4CAE-8CA5-B660754CEE76}"
EndProject
Project("{9A19103F-16F7-4668-BE54-9A1E7A4F7556}") = "Simulerad_Shared", "Simulerad_Shared\Simulerad_Shared.csproj", "{DAEB413B-8D73-4505-A9ED-B0280CDDF1AF}"
EndProject
Project("{9A19103F-16F7-4668-BE54-9A1E7A4F7556}") = "Simulerad_Iot_Azure_Function", "Simulerad_Iot_Azure_Function\Simulerad_Iot_Azure_Function.csproj", "{71654B84-4FE7-4E81-9C61-91A47AD843B0}"
EndProject
Project("{FAE04EC0-301F-11D3-BF4B-00C04F79EFBC}") = "DataAccess", "DataAccess\DataAccess.csproj", "{16A713D2-39B4-4AD1-8098-125320F32F9A}"
EndProject
Global
	GlobalSection(SolutionConfigurationPlatforms) = preSolution
		Debug|Any CPU = Debug|Any CPU
		Release|Any CPU = Release|Any CPU
	EndGlobalSection
	GlobalSection(ProjectConfigurationPlatforms) = postSolution
		{0DC8B6A8-42AD-472A-BC53-C2FC379AB143}.Debug|Any CPU.ActiveCfg = Debug|Any CPU
		{0DC8B6A8-42AD-472A-BC53-C2FC379AB143}.Debug|Any CPU.Build.0 = Debug|Any CPU
		{0DC8B6A8-42AD-472A-BC53-C2FC379AB143}.Debug|Any CPU.Deploy.0 = Debug|Any CPU
		{0DC8B6A8-42AD-472A-BC53-C2FC379AB143}.Release|Any CPU.ActiveCfg = Release|Any CPU
		{0DC8B6A8-42AD-472A-BC53-C2FC379AB143}.Release|Any CPU.Build.0 = Release|Any CPU
		{0DC8B6A8-42AD-472A-BC53-C2FC379AB143}.Release|Any CPU.Deploy.0 = Release|Any CPU
		{FFDD1D25-23FD-4962-8F5C-AEAA0412C5EE}.Debug|Any CPU.ActiveCfg = Debug|Any CPU
		{FFDD1D25-23FD-4962-8F5C-AEAA0412C5EE}.Debug|Any CPU.Build.0 = Debug|Any CPU
		{FFDD1D25-23FD-4962-8F5C-AEAA0412C5EE}.Release|Any CPU.ActiveCfg = Release|Any CPU
		{FFDD1D25-23FD-4962-8F5C-AEAA0412C5EE}.Release|Any CPU.Build.0 = Release|Any CPU
		{23729FAD-85B8-4CAE-8CA5-B660754CEE76}.Debug|Any CPU.ActiveCfg = Debug|Any CPU
		{23729FAD-85B8-4CAE-8CA5-B660754CEE76}.Debug|Any CPU.Build.0 = Debug|Any CPU
		{23729FAD-85B8-4CAE-8CA5-B660754CEE76}.Release|Any CPU.ActiveCfg = Release|Any CPU
		{23729FAD-85B8-4CAE-8CA5-B660754CEE76}.Release|Any CPU.Build.0 = Release|Any CPU
		{DAEB413B-8D73-4505-A9ED-B0280CDDF1AF}.Debug|Any CPU.ActiveCfg = Debug|Any CPU
		{DAEB413B-8D73-4505-A9ED-B0280CDDF1AF}.Debug|Any CPU.Build.0 = Debug|Any CPU
		{DAEB413B-8D73-4505-A9ED-B0280CDDF1AF}.Release|Any CPU.ActiveCfg = Release|Any CPU
		{DAEB413B-8D73-4505-A9ED-B0280CDDF1AF}.Release|Any CPU.Build.0 = Release|Any CPU
		{71654B84-4FE7-4E81-9C61-91A47AD843B0}.Debug|Any CPU.ActiveCfg = Debug|Any CPU
		{71654B84-4FE7-4E81-9C61-91A47AD843B0}.Debug|Any CPU.Build.0 = Debug|Any CPU
		{71654B84-4FE7-4E81-9C61-91A47AD843B0}.Release|Any CPU.ActiveCfg = Release|Any CPU
		{71654B84-4FE7-4E81-9C61-91A47AD843B0}.Release|Any CPU.Build.0 = Release|Any CPU
		{16A713D2-39B4-4AD1-8098-125320F32F9A}.Debug|Any CPU.ActiveCfg = Debug|Any CPU
		{16A713D2-39B4-4AD1-8098-125320F32F9A}.Debug|Any CPU.Build.0 = Debug|Any CPU
		{16A713D2-39B4-4AD1-8098-125320F32F9A}.Release|Any CPU.ActiveCfg = Release|Any CPU
		{16A713D2-39B4-4AD1-8098-125320F32F9A}.Release|Any CPU.Build.0 = Release|Any CPU
	EndGlobalSection
	GlobalSection(SolutionProperties) = preSolution
		HideSolutionNode = FALSE
	EndGlobalSection
	GlobalSection(ExtensibilityGlobals) = postSolution
		SolutionGuid = {95499A4E-DD2B-44B6-A81C-658F45C5D37F}
	EndGlobalSection
EndGlobal
